
Microsoft Visual Studio Solution File, Format Version 12.00
# Visual Studio Version 17
VisualStudioVersion = 17.5.002.0
MinimumVisualStudioVersion = 10.0.40219.1
Project("{9A19103F-16F7-4668-BE54-9A1E7A4F7556}") = "Todo-App", "Todo-App.csproj", "{1715B623-5DED-4D78-97F0-AC9F8E2A7174}"
EndProject
Global
	GlobalSection(SolutionConfigurationPlatforms) = preSolution
		Debug|Any CPU = Debug|Any CPU
		Release|Any CPU = Release|Any CPU
	EndGlobalSection
	GlobalSection(ProjectConfigurationPlatforms) = postSolution
		{1715B623-5DED-4D78-97F0-AC9F8E2A7174}.Debug|Any CPU.ActiveCfg = Debug|Any CPU
		{1715B623-5DED-4D78-97F0-AC9F8E2A7174}.Debug|Any CPU.Build.0 = Debug|Any CPU
		{1715B623-5DED-4D78-97F0-AC9F8E2A7174}.Release|Any CPU.ActiveCfg = Release|Any CPU
		{1715B623-5DED-4D78-97F0-AC9F8E2A7174}.Release|Any CPU.Build.0 = Release|Any CPU
	EndGlobalSection
	GlobalSection(SolutionProperties) = preSolution
		HideSolutionNode = FALSE
	EndGlobalSection
	GlobalSection(ExtensibilityGlobals) = postSolution
		SolutionGuid = {2BCE35CD-CB1B-40B3-8964-76026A598522}
	EndGlobalSection
EndGlobal
